# This file is autogenerated, do not edit; changes may be undone by the next 'dep ensure'.


[[projects]]
  branch = "master"
  name = "github.com/Clever/go-utils"
  packages = ["flagutil"]
  revision = "abc25366fa8ee785c21141bd9d6b71efd7c5a619"

[[projects]]
  name = "github.com/davecgh/go-spew"
  packages = ["spew"]
  revision = "5215b55f46b2b919f50a1df0eaa5886afe4e3b3d"

[[projects]]
  name = "github.com/facebookgo/errgroup"
  packages = ["."]
  revision = "91255f2c339e8e14d9960edd25f767f99cf05e5e"

[[projects]]
  name = "github.com/golang/glog"
  packages = ["."]
  revision = "fca8c8854093a154ff1eb580aae10276ad6b1b5f"

[[projects]]
  name = "github.com/lib/pq"
  packages = [".","oid"]
  revision = "83c4f410d0aed80a0f44bac6a576a7f2435791f3"

[[projects]]
  branch = "master"
  name = "github.com/mitchellh/goamz"
  packages = ["aws","s3"]
  revision = "caaaea8b30ee15616494ee68abd5d8ebbbef05cf"

[[projects]]
  name = "github.com/pmezard/go-difflib"
  packages = ["difflib"]
  revision = "792786c7400a136282c1664665ae0a8db921c6c2"
  version = "v1.0.0"

[[projects]]
  name = "github.com/segmentio/go-env"
  packages = ["."]
  revision = "7c67b4ee2d8065b4238c1fcc7a520fd0f79feefc"

[[projects]]
  name = "github.com/stretchr/testify"
  packages = ["assert"]
  revision = "1f4a1643a57e798696635ea4c126e9127adb7d3c"

[[projects]]
  branch = "master"
  name = "github.com/vaughan0/go-ini"
  packages = ["."]
  revision = "a98ad7ee00ec53921f08832bc06ecf7fd600e6a1"

[[projects]]
  name = "gopkg.in/Clever/pathio.v1"
  packages = ["."]
  revision = "de4e947183a362010d3fc4ed91ca1c129b5d4181"
  version = "v1.1.0"

[[projects]]
  name = "gopkg.in/bufio.v1"
  packages = ["."]
  revision = "567b2bfa514e796916c4747494d6ff5132a1dfce"
  version = "v1"

[[projects]]
  name = "gopkg.in/pg.v2"
  packages = [".","pgutil"]
  revision = "aa2f8723cec99ef2b3f95168336e13c49a76c0d7"
  version = "v2.1"

[solve-meta]
  analyzer-name = "dep"
  analyzer-version = 1
  inputs-digest = "3c69a2c41c90471e8f82609bbd4c882ac5efb1277b553f884e1133eb6659c78c"
  solver-name = "gps-cdcl"
  solver-version = 1
